
Microsoft Visual Studio Solution File, Format Version 12.00
# Visual Studio 14
VisualStudioVersion = 14.0.23107.0
MinimumVisualStudioVersion = 10.0.40219.1
Project("{FAE04EC0-301F-11D3-BF4B-00C04F79EFBC}") = "WinForms", "Akka.Cluster.Monitor\WinForms.csproj", "{2E4EBB67-96AD-44C2-971A-12704D2D2ECB}"
EndProject
Project("{FAE04EC0-301F-11D3-BF4B-00C04F79EFBC}") = "Lighthouse", "Lighthouse\Lighthouse.csproj", "{87BE1ABF-1F59-41AB-A3CB-4B1E7E0B218A}"
EndProject
Project("{FAE04EC0-301F-11D3-BF4B-00C04F79EFBC}") = "WorkerWithWebApi", "WorkerWithWebApi\WorkerWithWebApi.csproj", "{135953C2-A45C-4D2B-921F-CA5F79346323}"
EndProject
Project("{FAE04EC0-301F-11D3-BF4B-00C04F79EFBC}") = "SharedLibrary", "Shared\SharedLibrary.csproj", "{5A127B78-FCF5-4FD8-AE68-CF2588F6259C}"
EndProject
Project("{FAE04EC0-301F-11D3-BF4B-00C04F79EFBC}") = "Website", "Website\Website.csproj", "{BFCF98BD-BEFD-477C-AADA-395F5953FD69}"
EndProject
Project("{FAE04EC0-301F-11D3-BF4B-00C04F79EFBC}") = "Worker", "Worker\Worker.csproj", "{034641D6-C836-47F7-96C5-91252A7256AD}"
EndProject
Global
	GlobalSection(SolutionConfigurationPlatforms) = preSolution
		Debug|Any CPU = Debug|Any CPU
		Dev|Any CPU = Dev|Any CPU
		Dev2|Any CPU = Dev2|Any CPU
		Dev3|Any CPU = Dev3|Any CPU
		Prod|Any CPU = Prod|Any CPU
		QA|Any CPU = QA|Any CPU
		Release|Any CPU = Release|Any CPU
		Staging|Any CPU = Staging|Any CPU
	EndGlobalSection
	GlobalSection(ProjectConfigurationPlatforms) = postSolution
		{2E4EBB67-96AD-44C2-971A-12704D2D2ECB}.Debug|Any CPU.ActiveCfg = Debug|Any CPU
		{2E4EBB67-96AD-44C2-971A-12704D2D2ECB}.Debug|Any CPU.Build.0 = Debug|Any CPU
		{2E4EBB67-96AD-44C2-971A-12704D2D2ECB}.Dev|Any CPU.ActiveCfg = Debug|Any CPU
		{2E4EBB67-96AD-44C2-971A-12704D2D2ECB}.Dev|Any CPU.Build.0 = Debug|Any CPU
		{2E4EBB67-96AD-44C2-971A-12704D2D2ECB}.Dev2|Any CPU.ActiveCfg = Debug|Any CPU
		{2E4EBB67-96AD-44C2-971A-12704D2D2ECB}.Dev2|Any CPU.Build.0 = Debug|Any CPU
		{2E4EBB67-96AD-44C2-971A-12704D2D2ECB}.Dev3|Any CPU.ActiveCfg = Debug|Any CPU
		{2E4EBB67-96AD-44C2-971A-12704D2D2ECB}.Dev3|Any CPU.Build.0 = Debug|Any CPU
		{2E4EBB67-96AD-44C2-971A-12704D2D2ECB}.Prod|Any CPU.ActiveCfg = Release|Any CPU
		{2E4EBB67-96AD-44C2-971A-12704D2D2ECB}.Prod|Any CPU.Build.0 = Release|Any CPU
		{2E4EBB67-96AD-44C2-971A-12704D2D2ECB}.QA|Any CPU.ActiveCfg = Release|Any CPU
		{2E4EBB67-96AD-44C2-971A-12704D2D2ECB}.QA|Any CPU.Build.0 = Release|Any CPU
		{2E4EBB67-96AD-44C2-971A-12704D2D2ECB}.Release|Any CPU.ActiveCfg = Release|Any CPU
		{2E4EBB67-96AD-44C2-971A-12704D2D2ECB}.Release|Any CPU.Build.0 = Release|Any CPU
		{2E4EBB67-96AD-44C2-971A-12704D2D2ECB}.Staging|Any CPU.ActiveCfg = Release|Any CPU
		{2E4EBB67-96AD-44C2-971A-12704D2D2ECB}.Staging|Any CPU.Build.0 = Release|Any CPU
		{87BE1ABF-1F59-41AB-A3CB-4B1E7E0B218A}.Debug|Any CPU.ActiveCfg = Debug|Any CPU
		{87BE1ABF-1F59-41AB-A3CB-4B1E7E0B218A}.Debug|Any CPU.Build.0 = Debug|Any CPU
		{87BE1ABF-1F59-41AB-A3CB-4B1E7E0B218A}.Dev|Any CPU.ActiveCfg = Debug|Any CPU
		{87BE1ABF-1F59-41AB-A3CB-4B1E7E0B218A}.Dev|Any CPU.Build.0 = Debug|Any CPU
		{87BE1ABF-1F59-41AB-A3CB-4B1E7E0B218A}.Dev2|Any CPU.ActiveCfg = Debug|Any CPU
		{87BE1ABF-1F59-41AB-A3CB-4B1E7E0B218A}.Dev2|Any CPU.Build.0 = Debug|Any CPU
		{87BE1ABF-1F59-41AB-A3CB-4B1E7E0B218A}.Dev3|Any CPU.ActiveCfg = Debug|Any CPU
		{87BE1ABF-1F59-41AB-A3CB-4B1E7E0B218A}.Dev3|Any CPU.Build.0 = Debug|Any CPU
		{87BE1ABF-1F59-41AB-A3CB-4B1E7E0B218A}.Prod|Any CPU.ActiveCfg = Release|Any CPU
		{87BE1ABF-1F59-41AB-A3CB-4B1E7E0B218A}.Prod|Any CPU.Build.0 = Release|Any CPU
		{87BE1ABF-1F59-41AB-A3CB-4B1E7E0B218A}.QA|Any CPU.ActiveCfg = Release|Any CPU
		{87BE1ABF-1F59-41AB-A3CB-4B1E7E0B218A}.QA|Any CPU.Build.0 = Release|Any CPU
		{87BE1ABF-1F59-41AB-A3CB-4B1E7E0B218A}.Release|Any CPU.ActiveCfg = Release|Any CPU
		{87BE1ABF-1F59-41AB-A3CB-4B1E7E0B218A}.Release|Any CPU.Build.0 = Release|Any CPU
		{87BE1ABF-1F59-41AB-A3CB-4B1E7E0B218A}.Staging|Any CPU.ActiveCfg = Release|Any CPU
		{87BE1ABF-1F59-41AB-A3CB-4B1E7E0B218A}.Staging|Any CPU.Build.0 = Release|Any CPU
		{135953C2-A45C-4D2B-921F-CA5F79346323}.Debug|Any CPU.ActiveCfg = Debug|Any CPU
		{135953C2-A45C-4D2B-921F-CA5F79346323}.Debug|Any CPU.Build.0 = Debug|Any CPU
		{135953C2-A45C-4D2B-921F-CA5F79346323}.Dev|Any CPU.ActiveCfg = Debug|Any CPU
		{135953C2-A45C-4D2B-921F-CA5F79346323}.Dev|Any CPU.Build.0 = Debug|Any CPU
		{135953C2-A45C-4D2B-921F-CA5F79346323}.Dev2|Any CPU.ActiveCfg = Debug|Any CPU
		{135953C2-A45C-4D2B-921F-CA5F79346323}.Dev2|Any CPU.Build.0 = Debug|Any CPU
		{135953C2-A45C-4D2B-921F-CA5F79346323}.Dev3|Any CPU.ActiveCfg = Debug|Any CPU
		{135953C2-A45C-4D2B-921F-CA5F79346323}.Dev3|Any CPU.Build.0 = Debug|Any CPU
		{135953C2-A45C-4D2B-921F-CA5F79346323}.Prod|Any CPU.ActiveCfg = Release|Any CPU
		{135953C2-A45C-4D2B-921F-CA5F79346323}.Prod|Any CPU.Build.0 = Release|Any CPU
		{135953C2-A45C-4D2B-921F-CA5F79346323}.QA|Any CPU.ActiveCfg = Release|Any CPU
		{135953C2-A45C-4D2B-921F-CA5F79346323}.QA|Any CPU.Build.0 = Release|Any CPU
		{135953C2-A45C-4D2B-921F-CA5F79346323}.Release|Any CPU.ActiveCfg = Release|Any CPU
		{135953C2-A45C-4D2B-921F-CA5F79346323}.Release|Any CPU.Build.0 = Release|Any CPU
		{135953C2-A45C-4D2B-921F-CA5F79346323}.Staging|Any CPU.ActiveCfg = Release|Any CPU
		{135953C2-A45C-4D2B-921F-CA5F79346323}.Staging|Any CPU.Build.0 = Release|Any CPU
		{5A127B78-FCF5-4FD8-AE68-CF2588F6259C}.Debug|Any CPU.ActiveCfg = Debug|Any CPU
		{5A127B78-FCF5-4FD8-AE68-CF2588F6259C}.Debug|Any CPU.Build.0 = Debug|Any CPU
		{5A127B78-FCF5-4FD8-AE68-CF2588F6259C}.Dev|Any CPU.ActiveCfg = Debug|Any CPU
		{5A127B78-FCF5-4FD8-AE68-CF2588F6259C}.Dev|Any CPU.Build.0 = Debug|Any CPU
		{5A127B78-FCF5-4FD8-AE68-CF2588F6259C}.Dev2|Any CPU.ActiveCfg = Debug|Any CPU
		{5A127B78-FCF5-4FD8-AE68-CF2588F6259C}.Dev2|Any CPU.Build.0 = Debug|Any CPU
		{5A127B78-FCF5-4FD8-AE68-CF2588F6259C}.Dev3|Any CPU.ActiveCfg = Debug|Any CPU
		{5A127B78-FCF5-4FD8-AE68-CF2588F6259C}.Dev3|Any CPU.Build.0 = Debug|Any CPU
		{5A127B78-FCF5-4FD8-AE68-CF2588F6259C}.Prod|Any CPU.ActiveCfg = Release|Any CPU
		{5A127B78-FCF5-4FD8-AE68-CF2588F6259C}.Prod|Any CPU.Build.0 = Release|Any CPU
		{5A127B78-FCF5-4FD8-AE68-CF2588F6259C}.QA|Any CPU.ActiveCfg = Release|Any CPU
		{5A127B78-FCF5-4FD8-AE68-CF2588F6259C}.QA|Any CPU.Build.0 = Release|Any CPU
		{5A127B78-FCF5-4FD8-AE68-CF2588F6259C}.Release|Any CPU.ActiveCfg = Release|Any CPU
		{5A127B78-FCF5-4FD8-AE68-CF2588F6259C}.Release|Any CPU.Build.0 = Release|Any CPU
		{5A127B78-FCF5-4FD8-AE68-CF2588F6259C}.Staging|Any CPU.ActiveCfg = Release|Any CPU
		{5A127B78-FCF5-4FD8-AE68-CF2588F6259C}.Staging|Any CPU.Build.0 = Release|Any CPU
		{BFCF98BD-BEFD-477C-AADA-395F5953FD69}.Debug|Any CPU.ActiveCfg = Debug|Any CPU
		{BFCF98BD-BEFD-477C-AADA-395F5953FD69}.Debug|Any CPU.Build.0 = Debug|Any CPU
		{BFCF98BD-BEFD-477C-AADA-395F5953FD69}.Dev|Any CPU.ActiveCfg = Dev|Any CPU
		{BFCF98BD-BEFD-477C-AADA-395F5953FD69}.Dev|Any CPU.Build.0 = Dev|Any CPU
		{BFCF98BD-BEFD-477C-AADA-395F5953FD69}.Dev2|Any CPU.ActiveCfg = Dev2|Any CPU
		{BFCF98BD-BEFD-477C-AADA-395F5953FD69}.Dev2|Any CPU.Build.0 = Dev2|Any CPU
		{BFCF98BD-BEFD-477C-AADA-395F5953FD69}.Dev3|Any CPU.ActiveCfg = Dev3|Any CPU
		{BFCF98BD-BEFD-477C-AADA-395F5953FD69}.Dev3|Any CPU.Build.0 = Dev3|Any CPU
		{BFCF98BD-BEFD-477C-AADA-395F5953FD69}.Prod|Any CPU.ActiveCfg = Prod|Any CPU
		{BFCF98BD-BEFD-477C-AADA-395F5953FD69}.Prod|Any CPU.Build.0 = Prod|Any CPU
		{BFCF98BD-BEFD-477C-AADA-395F5953FD69}.QA|Any CPU.ActiveCfg = QA|Any CPU
		{BFCF98BD-BEFD-477C-AADA-395F5953FD69}.QA|Any CPU.Build.0 = QA|Any CPU
		{BFCF98BD-BEFD-477C-AADA-395F5953FD69}.Release|Any CPU.ActiveCfg = Release|Any CPU
		{BFCF98BD-BEFD-477C-AADA-395F5953FD69}.Release|Any CPU.Build.0 = Release|Any CPU
		{BFCF98BD-BEFD-477C-AADA-395F5953FD69}.Staging|Any CPU.ActiveCfg = Staging|Any CPU
		{BFCF98BD-BEFD-477C-AADA-395F5953FD69}.Staging|Any CPU.Build.0 = Staging|Any CPU
		{034641D6-C836-47F7-96C5-91252A7256AD}.Debug|Any CPU.ActiveCfg = Debug|Any CPU
		{034641D6-C836-47F7-96C5-91252A7256AD}.Debug|Any CPU.Build.0 = Debug|Any CPU
		{034641D6-C836-47F7-96C5-91252A7256AD}.Dev|Any CPU.ActiveCfg = Debug|Any CPU
		{034641D6-C836-47F7-96C5-91252A7256AD}.Dev|Any CPU.Build.0 = Debug|Any CPU
		{034641D6-C836-47F7-96C5-91252A7256AD}.Dev2|Any CPU.ActiveCfg = Debug|Any CPU
		{034641D6-C836-47F7-96C5-91252A7256AD}.Dev2|Any CPU.Build.0 = Debug|Any CPU
		{034641D6-C836-47F7-96C5-91252A7256AD}.Dev3|Any CPU.ActiveCfg = Debug|Any CPU
		{034641D6-C836-47F7-96C5-91252A7256AD}.Dev3|Any CPU.Build.0 = Debug|Any CPU
		{034641D6-C836-47F7-96C5-91252A7256AD}.Prod|Any CPU.ActiveCfg = Release|Any CPU
		{034641D6-C836-47F7-96C5-91252A7256AD}.Prod|Any CPU.Build.0 = Release|Any CPU
		{034641D6-C836-47F7-96C5-91252A7256AD}.QA|Any CPU.ActiveCfg = Release|Any CPU
		{034641D6-C836-47F7-96C5-91252A7256AD}.QA|Any CPU.Build.0 = Release|Any CPU
		{034641D6-C836-47F7-96C5-91252A7256AD}.Release|Any CPU.ActiveCfg = Release|Any CPU
		{034641D6-C836-47F7-96C5-91252A7256AD}.Release|Any CPU.Build.0 = Release|Any CPU
		{034641D6-C836-47F7-96C5-91252A7256AD}.Staging|Any CPU.ActiveCfg = Release|Any CPU
		{034641D6-C836-47F7-96C5-91252A7256AD}.Staging|Any CPU.Build.0 = Release|Any CPU
	EndGlobalSection
	GlobalSection(SolutionProperties) = preSolution
		HideSolutionNode = FALSE
	EndGlobalSection
EndGlobal
